<?xml version="1.0" encoding="utf-8" standalone="yes"?>
<Project ToolsVersion="4.0" xmlns="http://schemas.microsoft.com/developer/msbuild/2003">
  <ItemGroup>
    <Filter Include="source">
      <UniqueIdentifier>{21895B69-DE91-7035-0000-0000CA90681B}</UniqueIdentifier>
    </Filter>
    <Filter Include="source\tag">
      <UniqueIdentifier>{1cb321fb-04e6-4a40-8fb2-acac12032056}</UniqueIdentifier>
    </Filter>
  </ItemGroup>
  <ItemGroup>
    <ClCompile Include="source\main.cpp">
      <Filter>source</Filter>
    </ClCompile>
    <ClCompile Include="source\tag\tTrainDriverCar.cpp">
      <Filter>source\tag</Filter>
    </ClCompile>
    <ClCompile Include="source\tag\tTrainDriverMain.cpp">
      <Filter>source\tag</Filter>
    </ClCompile>
  </ItemGroup>
  <ItemGroup>
    <ClInclude Include="source\main.h">
      <Filter>source</Filter>
    </ClInclude>
    <ClInclude Include="source\tag\pluginids.h">
      <Filter>source\tag</Filter>
    </ClInclude>
  </ItemGroup>
</Project>